
Microsoft Visual Studio Solution File, Format Version 12.00
# Visual Studio 15
VisualStudioVersion = 15.0.27004.2010
MinimumVisualStudioVersion = 10.0.40219.1
Project("{FAE04EC0-301F-11D3-BF4B-00C04F79EFBC}") = "SistemaHorarioUniversidad", "SistemaHorarioUniversidad\SistemaHorarioUniversidad.csproj", "{7A36E514-B055-44EF-BA59-9824002C32F5}"
EndProject
Project("{FAE04EC0-301F-11D3-BF4B-00C04F79EFBC}") = "Capa de Datos", "Capa de Datos\Capa de Datos.csproj", "{31BFA822-3B01-4B91-86FE-DEFF484B059A}"
EndProject
Project("{FAE04EC0-301F-11D3-BF4B-00C04F79EFBC}") = "Capa de Negocio", "Capa de Negocio\Capa de Negocio.csproj", "{C517D050-1CE6-4FF0-895C-2C5CEF3290ED}"
EndProject
Global
	GlobalSection(SolutionConfigurationPlatforms) = preSolution
		Debug|Any CPU = Debug|Any CPU
		Release|Any CPU = Release|Any CPU
	EndGlobalSection
	GlobalSection(ProjectConfigurationPlatforms) = postSolution
		{7A36E514-B055-44EF-BA59-9824002C32F5}.Debug|Any CPU.ActiveCfg = Debug|Any CPU
		{7A36E514-B055-44EF-BA59-9824002C32F5}.Debug|Any CPU.Build.0 = Debug|Any CPU
		{7A36E514-B055-44EF-BA59-9824002C32F5}.Release|Any CPU.ActiveCfg = Release|Any CPU
		{7A36E514-B055-44EF-BA59-9824002C32F5}.Release|Any CPU.Build.0 = Release|Any CPU
		{31BFA822-3B01-4B91-86FE-DEFF484B059A}.Debug|Any CPU.ActiveCfg = Debug|Any CPU
		{31BFA822-3B01-4B91-86FE-DEFF484B059A}.Debug|Any CPU.Build.0 = Debug|Any CPU
		{31BFA822-3B01-4B91-86FE-DEFF484B059A}.Release|Any CPU.ActiveCfg = Release|Any CPU
		{31BFA822-3B01-4B91-86FE-DEFF484B059A}.Release|Any CPU.Build.0 = Release|Any CPU
		{C517D050-1CE6-4FF0-895C-2C5CEF3290ED}.Debug|Any CPU.ActiveCfg = Debug|Any CPU
		{C517D050-1CE6-4FF0-895C-2C5CEF3290ED}.Debug|Any CPU.Build.0 = Debug|Any CPU
		{C517D050-1CE6-4FF0-895C-2C5CEF3290ED}.Release|Any CPU.ActiveCfg = Release|Any CPU
		{C517D050-1CE6-4FF0-895C-2C5CEF3290ED}.Release|Any CPU.Build.0 = Release|Any CPU
	EndGlobalSection
	GlobalSection(SolutionProperties) = preSolution
		HideSolutionNode = FALSE
	EndGlobalSection
	GlobalSection(ExtensibilityGlobals) = postSolution
		SolutionGuid = {FD027298-3373-41CB-9B75-D21A1F0A20AA}
	EndGlobalSection
EndGlobal
